
Microsoft Visual Studio Solution File, Format Version 12.00
# Visual Studio Version 16
VisualStudioVersion = 16.0.28922.388
MinimumVisualStudioVersion = 10.0.40219.1
Project("{8BC9CEB8-8B4A-11D0-8D11-00A0C91BC942}") = "01", "01\01.vcxproj", "{C0E72CF9-635C-40EE-86AD-3EBB67D849A0}"
EndProject
Project("{8BC9CEB8-8B4A-11D0-8D11-00A0C91BC942}") = "02", "02\02.vcxproj", "{4FEE0565-2E19-4F33-BDCC-C79DEB369059}"
EndProject
Project("{8BC9CEB8-8B4A-11D0-8D11-00A0C91BC942}") = "03", "03\03.vcxproj", "{4EFCF3A1-4317-4F1F-97F8-45565803B9AD}"
EndProject
Project("{8BC9CEB8-8B4A-11D0-8D11-00A0C91BC942}") = "04", "04\04.vcxproj", "{0ADB36A4-39A3-40A0-8E46-3D03D0217586}"
EndProject
Project("{8BC9CEB8-8B4A-11D0-8D11-00A0C91BC942}") = "05", "05\05.vcxproj", "{BB98674B-7FA6-4511-B6E2-DF2DC4610F67}"
EndProject
Project("{8BC9CEB8-8B4A-11D0-8D11-00A0C91BC942}") = "06", "06\06.vcxproj", "{F0DED963-FF59-4334-BA9C-B969DB25722F}"
EndProject
Global
	GlobalSection(SolutionConfigurationPlatforms) = preSolution
		Debug|x64 = Debug|x64
		Debug|x86 = Debug|x86
		Release|x64 = Release|x64
		Release|x86 = Release|x86
	EndGlobalSection
	GlobalSection(ProjectConfigurationPlatforms) = postSolution
		{C0E72CF9-635C-40EE-86AD-3EBB67D849A0}.Debug|x64.ActiveCfg = Debug|x64
		{C0E72CF9-635C-40EE-86AD-3EBB67D849A0}.Debug|x64.Build.0 = Debug|x64
		{C0E72CF9-635C-40EE-86AD-3EBB67D849A0}.Debug|x86.ActiveCfg = Debug|Win32
		{C0E72CF9-635C-40EE-86AD-3EBB67D849A0}.Debug|x86.Build.0 = Debug|Win32
		{C0E72CF9-635C-40EE-86AD-3EBB67D849A0}.Release|x64.ActiveCfg = Release|x64
		{C0E72CF9-635C-40EE-86AD-3EBB67D849A0}.Release|x64.Build.0 = Release|x64
		{C0E72CF9-635C-40EE-86AD-3EBB67D849A0}.Release|x86.ActiveCfg = Release|Win32
		{C0E72CF9-635C-40EE-86AD-3EBB67D849A0}.Release|x86.Build.0 = Release|Win32
		{4FEE0565-2E19-4F33-BDCC-C79DEB369059}.Debug|x64.ActiveCfg = Debug|x64
		{4FEE0565-2E19-4F33-BDCC-C79DEB369059}.Debug|x64.Build.0 = Debug|x64
		{4FEE0565-2E19-4F33-BDCC-C79DEB369059}.Debug|x86.ActiveCfg = Debug|Win32
		{4FEE0565-2E19-4F33-BDCC-C79DEB369059}.Debug|x86.Build.0 = Debug|Win32
		{4FEE0565-2E19-4F33-BDCC-C79DEB369059}.Release|x64.ActiveCfg = Release|x64
		{4FEE0565-2E19-4F33-BDCC-C79DEB369059}.Release|x64.Build.0 = Release|x64
		{4FEE0565-2E19-4F33-BDCC-C79DEB369059}.Release|x86.ActiveCfg = Release|Win32
		{4FEE0565-2E19-4F33-BDCC-C79DEB369059}.Release|x86.Build.0 = Release|Win32
		{4EFCF3A1-4317-4F1F-97F8-45565803B9AD}.Debug|x64.ActiveCfg = Debug|x64
		{4EFCF3A1-4317-4F1F-97F8-45565803B9AD}.Debug|x64.Build.0 = Debug|x64
		{4EFCF3A1-4317-4F1F-97F8-45565803B9AD}.Debug|x86.ActiveCfg = Debug|Win32
		{4EFCF3A1-4317-4F1F-97F8-45565803B9AD}.Debug|x86.Build.0 = Debug|Win32
		{4EFCF3A1-4317-4F1F-97F8-45565803B9AD}.Release|x64.ActiveCfg = Release|x64
		{4EFCF3A1-4317-4F1F-97F8-45565803B9AD}.Release|x64.Build.0 = Release|x64
		{4EFCF3A1-4317-4F1F-97F8-45565803B9AD}.Release|x86.ActiveCfg = Release|Win32
		{4EFCF3A1-4317-4F1F-97F8-45565803B9AD}.Release|x86.Build.0 = Release|Win32
		{0ADB36A4-39A3-40A0-8E46-3D03D0217586}.Debug|x64.ActiveCfg = Debug|x64
		{0ADB36A4-39A3-40A0-8E46-3D03D0217586}.Debug|x64.Build.0 = Debug|x64
		{0ADB36A4-39A3-40A0-8E46-3D03D0217586}.Debug|x86.ActiveCfg = Debug|Win32
		{0ADB36A4-39A3-40A0-8E46-3D03D0217586}.Debug|x86.Build.0 = Debug|Win32
		{0ADB36A4-39A3-40A0-8E46-3D03D0217586}.Release|x64.ActiveCfg = Release|x64
		{0ADB36A4-39A3-40A0-8E46-3D03D0217586}.Release|x64.Build.0 = Release|x64
		{0ADB36A4-39A3-40A0-8E46-3D03D0217586}.Release|x86.ActiveCfg = Release|Win32
		{0ADB36A4-39A3-40A0-8E46-3D03D0217586}.Release|x86.Build.0 = Release|Win32
		{BB98674B-7FA6-4511-B6E2-DF2DC4610F67}.Debug|x64.ActiveCfg = Debug|x64
		{BB98674B-7FA6-4511-B6E2-DF2DC4610F67}.Debug|x64.Build.0 = Debug|x64
		{BB98674B-7FA6-4511-B6E2-DF2DC4610F67}.Debug|x86.ActiveCfg = Debug|Win32
		{BB98674B-7FA6-4511-B6E2-DF2DC4610F67}.Debug|x86.Build.0 = Debug|Win32
		{BB98674B-7FA6-4511-B6E2-DF2DC4610F67}.Release|x64.ActiveCfg = Release|x64
		{BB98674B-7FA6-4511-B6E2-DF2DC4610F67}.Release|x64.Build.0 = Release|x64
		{BB98674B-7FA6-4511-B6E2-DF2DC4610F67}.Release|x86.ActiveCfg = Release|Win32
		{BB98674B-7FA6-4511-B6E2-DF2DC4610F67}.Release|x86.Build.0 = Release|Win32
		{F0DED963-FF59-4334-BA9C-B969DB25722F}.Debug|x64.ActiveCfg = Debug|x64
		{F0DED963-FF59-4334-BA9C-B969DB25722F}.Debug|x64.Build.0 = Debug|x64
		{F0DED963-FF59-4334-BA9C-B969DB25722F}.Debug|x86.ActiveCfg = Debug|Win32
		{F0DED963-FF59-4334-BA9C-B969DB25722F}.Debug|x86.Build.0 = Debug|Win32
		{F0DED963-FF59-4334-BA9C-B969DB25722F}.Release|x64.ActiveCfg = Release|x64
		{F0DED963-FF59-4334-BA9C-B969DB25722F}.Release|x64.Build.0 = Release|x64
		{F0DED963-FF59-4334-BA9C-B969DB25722F}.Release|x86.ActiveCfg = Release|Win32
		{F0DED963-FF59-4334-BA9C-B969DB25722F}.Release|x86.Build.0 = Release|Win32
	EndGlobalSection
	GlobalSection(SolutionProperties) = preSolution
		HideSolutionNode = FALSE
	EndGlobalSection
	GlobalSection(ExtensibilityGlobals) = postSolution
		SolutionGuid = {839116ED-9461-4039-97D8-D1C23EBA40CD}
	EndGlobalSection
EndGlobal
